
Microsoft Visual Studio Solution File, Format Version 12.00
# Visual Studio Version 17
VisualStudioVersion = 17.7.34031.279
MinimumVisualStudioVersion = 10.0.40219.1
Project("{FAE04EC0-301F-11D3-BF4B-00C04F79EFBC}") = "AEP - Rate Table GUI", "AEP - Rate Table GUI\AEP - Rate Table GUI.csproj", "{A81EB9F4-C050-4FB1-9065-3742279720EB}"
EndProject
Global
	GlobalSection(SolutionConfigurationPlatforms) = preSolution
		Debug|Any CPU = Debug|Any CPU
		Release|Any CPU = Release|Any CPU
	EndGlobalSection
	GlobalSection(ProjectConfigurationPlatforms) = postSolution
		{A81EB9F4-C050-4FB1-9065-3742279720EB}.Debug|Any CPU.ActiveCfg = Debug|Any CPU
		{A81EB9F4-C050-4FB1-9065-3742279720EB}.Debug|Any CPU.Build.0 = Debug|Any CPU
		{A81EB9F4-C050-4FB1-9065-3742279720EB}.Release|Any CPU.ActiveCfg = Release|Any CPU
		{A81EB9F4-C050-4FB1-9065-3742279720EB}.Release|Any CPU.Build.0 = Release|Any CPU
	EndGlobalSection
	GlobalSection(SolutionProperties) = preSolution
		HideSolutionNode = FALSE
	EndGlobalSection
	GlobalSection(ExtensibilityGlobals) = postSolution
		SolutionGuid = {C088A8C2-81DA-4A39-B346-4D866958B36B}
	EndGlobalSection
EndGlobal
